
Microsoft Visual Studio Solution File, Format Version 12.00
# Visual Studio Version 17
VisualStudioVersion = 17.5.33424.131
MinimumVisualStudioVersion = 10.0.40219.1
Project("{FAE04EC0-301F-11D3-BF4B-00C04F79EFBC}") = "QuestionBank", "QuestionBank\QuestionBank.csproj", "{1932F61D-A8C9-4D08-A245-BAC1B65B27F5}"
EndProject
Global
	GlobalSection(SolutionConfigurationPlatforms) = preSolution
		Debug|Any CPU = Debug|Any CPU
		Release|Any CPU = Release|Any CPU
	EndGlobalSection
	GlobalSection(ProjectConfigurationPlatforms) = postSolution
		{1932F61D-A8C9-4D08-A245-BAC1B65B27F5}.Debug|Any CPU.ActiveCfg = Debug|Any CPU
		{1932F61D-A8C9-4D08-A245-BAC1B65B27F5}.Debug|Any CPU.Build.0 = Debug|Any CPU
		{1932F61D-A8C9-4D08-A245-BAC1B65B27F5}.Release|Any CPU.ActiveCfg = Release|Any CPU
		{1932F61D-A8C9-4D08-A245-BAC1B65B27F5}.Release|Any CPU.Build.0 = Release|Any CPU
	EndGlobalSection
	GlobalSection(SolutionProperties) = preSolution
		HideSolutionNode = FALSE
	EndGlobalSection
	GlobalSection(ExtensibilityGlobals) = postSolution
		SolutionGuid = {8DE3F6F6-2754-4FCE-867A-8E913FCAA38A}
	EndGlobalSection
EndGlobal
